
Microsoft Visual Studio Solution File, Format Version 12.00
# Visual Studio Version 16
VisualStudioVersion = 16.0.31005.135
MinimumVisualStudioVersion = 10.0.40219.1
Project("{9A19103F-16F7-4668-BE54-9A1E7A4F7556}") = "Data", "Data\Data.csproj", "{0A9AD7B2-06A3-4E3B-8DFA-51CD3024C868}"
EndProject
Project("{9A19103F-16F7-4668-BE54-9A1E7A4F7556}") = "BusinessObjects", "BusinessObjects\BusinessObjects.csproj", "{613CF363-0BCC-4E0E-B882-13D2D88E7EB0}"
EndProject
Project("{9A19103F-16F7-4668-BE54-9A1E7A4F7556}") = "BusinessLogic", "BusinessLogic\BusinessLogic.csproj", "{855718B6-B1AA-451F-8D2C-034D30A984D7}"
EndProject
Project("{9A19103F-16F7-4668-BE54-9A1E7A4F7556}") = "Presentation", "Presentation\Presentation.csproj", "{7168ADEE-840E-4EB8-BFB6-7534E659F4CB}"
EndProject
Global
	GlobalSection(SolutionConfigurationPlatforms) = preSolution
		Debug|Any CPU = Debug|Any CPU
		Release|Any CPU = Release|Any CPU
	EndGlobalSection
	GlobalSection(ProjectConfigurationPlatforms) = postSolution
		{0A9AD7B2-06A3-4E3B-8DFA-51CD3024C868}.Debug|Any CPU.ActiveCfg = Debug|Any CPU
		{0A9AD7B2-06A3-4E3B-8DFA-51CD3024C868}.Debug|Any CPU.Build.0 = Debug|Any CPU
		{0A9AD7B2-06A3-4E3B-8DFA-51CD3024C868}.Release|Any CPU.ActiveCfg = Release|Any CPU
		{0A9AD7B2-06A3-4E3B-8DFA-51CD3024C868}.Release|Any CPU.Build.0 = Release|Any CPU
		{613CF363-0BCC-4E0E-B882-13D2D88E7EB0}.Debug|Any CPU.ActiveCfg = Debug|Any CPU
		{613CF363-0BCC-4E0E-B882-13D2D88E7EB0}.Debug|Any CPU.Build.0 = Debug|Any CPU
		{613CF363-0BCC-4E0E-B882-13D2D88E7EB0}.Release|Any CPU.ActiveCfg = Release|Any CPU
		{613CF363-0BCC-4E0E-B882-13D2D88E7EB0}.Release|Any CPU.Build.0 = Release|Any CPU
		{855718B6-B1AA-451F-8D2C-034D30A984D7}.Debug|Any CPU.ActiveCfg = Debug|Any CPU
		{855718B6-B1AA-451F-8D2C-034D30A984D7}.Debug|Any CPU.Build.0 = Debug|Any CPU
		{855718B6-B1AA-451F-8D2C-034D30A984D7}.Release|Any CPU.ActiveCfg = Release|Any CPU
		{855718B6-B1AA-451F-8D2C-034D30A984D7}.Release|Any CPU.Build.0 = Release|Any CPU
		{7168ADEE-840E-4EB8-BFB6-7534E659F4CB}.Debug|Any CPU.ActiveCfg = Debug|Any CPU
		{7168ADEE-840E-4EB8-BFB6-7534E659F4CB}.Debug|Any CPU.Build.0 = Debug|Any CPU
		{7168ADEE-840E-4EB8-BFB6-7534E659F4CB}.Release|Any CPU.ActiveCfg = Release|Any CPU
		{7168ADEE-840E-4EB8-BFB6-7534E659F4CB}.Release|Any CPU.Build.0 = Release|Any CPU
	EndGlobalSection
	GlobalSection(SolutionProperties) = preSolution
		HideSolutionNode = FALSE
	EndGlobalSection
	GlobalSection(ExtensibilityGlobals) = postSolution
		SolutionGuid = {24D0807C-B907-4116-9B26-B95BC35E0713}
	EndGlobalSection
EndGlobal
